
Microsoft Visual Studio Solution File, Format Version 12.00
# Visual Studio Version 16
VisualStudioVersion = 16.0.30204.135
MinimumVisualStudioVersion = 10.0.40219.1
Project("{9A19103F-16F7-4668-BE54-9A1E7A4F7556}") = "EmployeeProfile", "EmployeeProfile\EmployeeProfile\EmployeeProfile.csproj", "{6F28F1DC-C4B7-41AE-A0DA-EBE65D1F9E1D}"
EndProject
Project("{9A19103F-16F7-4668-BE54-9A1E7A4F7556}") = "EmployeeProfile.Test", "EmployeeProfile\EmployeeProfile.Test\EmployeeProfile.Test.csproj", "{693480B3-021B-4F32-AE65-865C2457408E}"
EndProject
Global
	GlobalSection(SolutionConfigurationPlatforms) = preSolution
		Debug|Any CPU = Debug|Any CPU
		Release|Any CPU = Release|Any CPU
	EndGlobalSection
	GlobalSection(ProjectConfigurationPlatforms) = postSolution
		{6F28F1DC-C4B7-41AE-A0DA-EBE65D1F9E1D}.Debug|Any CPU.ActiveCfg = Debug|Any CPU
		{6F28F1DC-C4B7-41AE-A0DA-EBE65D1F9E1D}.Debug|Any CPU.Build.0 = Debug|Any CPU
		{6F28F1DC-C4B7-41AE-A0DA-EBE65D1F9E1D}.Release|Any CPU.ActiveCfg = Release|Any CPU
		{6F28F1DC-C4B7-41AE-A0DA-EBE65D1F9E1D}.Release|Any CPU.Build.0 = Release|Any CPU
		{693480B3-021B-4F32-AE65-865C2457408E}.Debug|Any CPU.ActiveCfg = Debug|Any CPU
		{693480B3-021B-4F32-AE65-865C2457408E}.Debug|Any CPU.Build.0 = Debug|Any CPU
		{693480B3-021B-4F32-AE65-865C2457408E}.Release|Any CPU.ActiveCfg = Release|Any CPU
		{693480B3-021B-4F32-AE65-865C2457408E}.Release|Any CPU.Build.0 = Release|Any CPU
	EndGlobalSection
	GlobalSection(SolutionProperties) = preSolution
		HideSolutionNode = FALSE
	EndGlobalSection
	GlobalSection(ExtensibilityGlobals) = postSolution
		SolutionGuid = {541FE09F-1099-4ECC-AF6E-8D2CF78993DD}
	EndGlobalSection
EndGlobal
